
Microsoft Visual Studio Solution File, Format Version 12.00
# Visual Studio 14
VisualStudioVersion = 14.0.25420.1
MinimumVisualStudioVersion = 10.0.40219.1
Project("{2150E333-8FDC-42A3-9474-1A3956D46DE8}") = "Engine", "Engine", "{D9A3F423-7767-44AA-A9DB-AD05ADB1E56C}"
EndProject
Project("{2150E333-8FDC-42A3-9474-1A3956D46DE8}") = "Games", "Games", "{AA782ADE-BD7B-435C-BA69-A112017932E5}"
EndProject
Project("{8BC9CEB8-8B4A-11D0-8D11-00A0C91BC942}") = "UE4", "Intermediate\ProjectFiles\UE4.vcxproj", "{5F44A010-9394-4C2F-A820-75DEE564C354}"
EndProject
Project("{8BC9CEB8-8B4A-11D0-8D11-00A0C91BC942}") = "ChineseChess", "Intermediate\ProjectFiles\ChineseChess.vcxproj", "{18F59FAB-F6FF-4872-BAEA-86B8E3735FC0}"
EndProject
Project("{FAE04EC0-301F-11D3-BF4B-00C04F79EFBC}") = "ChineseChessCS", "ChineseChessCS\ChineseChessCS.csproj", "{26D82AB3-3E10-4195-BBBD-EDB40C0D5370}"
EndProject
Global
	GlobalSection(SolutionConfigurationPlatforms) = preSolution
		Debug|Android = Debug|Android
		Debug|Any CPU = Debug|Any CPU
		Debug|HTML5 = Debug|HTML5
		Debug|Win32 = Debug|Win32
		Debug|Win64 = Debug|Win64
		DebugGame Editor|Android = DebugGame Editor|Android
		DebugGame Editor|Any CPU = DebugGame Editor|Any CPU
		DebugGame Editor|HTML5 = DebugGame Editor|HTML5
		DebugGame Editor|Win32 = DebugGame Editor|Win32
		DebugGame Editor|Win64 = DebugGame Editor|Win64
		DebugGame|Android = DebugGame|Android
		DebugGame|Any CPU = DebugGame|Any CPU
		DebugGame|HTML5 = DebugGame|HTML5
		DebugGame|Win32 = DebugGame|Win32
		DebugGame|Win64 = DebugGame|Win64
		Development Editor|Android = Development Editor|Android
		Development Editor|Any CPU = Development Editor|Any CPU
		Development Editor|HTML5 = Development Editor|HTML5
		Development Editor|Win32 = Development Editor|Win32
		Development Editor|Win64 = Development Editor|Win64
		Development|Android = Development|Android
		Development|Any CPU = Development|Any CPU
		Development|HTML5 = Development|HTML5
		Development|Win32 = Development|Win32
		Development|Win64 = Development|Win64
		Release|Android = Release|Android
		Release|Any CPU = Release|Any CPU
		Release|HTML5 = Release|HTML5
		Release|Win32 = Release|Win32
		Release|Win64 = Release|Win64
		Shipping|Android = Shipping|Android
		Shipping|Any CPU = Shipping|Any CPU
		Shipping|HTML5 = Shipping|HTML5
		Shipping|Win32 = Shipping|Win32
		Shipping|Win64 = Shipping|Win64
	EndGlobalSection
	GlobalSection(ProjectConfigurationPlatforms) = postSolution
		{5F44A010-9394-4C2F-A820-75DEE564C354}.Debug|Android.ActiveCfg = BuiltWithUnrealBuildTool|Win32
		{5F44A010-9394-4C2F-A820-75DEE564C354}.Debug|Android.Build.0 = BuiltWithUnrealBuildTool|Win32
		{5F44A010-9394-4C2F-A820-75DEE564C354}.Debug|Any CPU.ActiveCfg = BuiltWithUnrealBuildTool|Win32
		{5F44A010-9394-4C2F-A820-75DEE564C354}.Debug|Any CPU.Build.0 = BuiltWithUnrealBuildTool|Win32
		{5F44A010-9394-4C2F-A820-75DEE564C354}.Debug|HTML5.ActiveCfg = BuiltWithUnrealBuildTool|Win32
		{5F44A010-9394-4C2F-A820-75DEE564C354}.Debug|HTML5.Build.0 = BuiltWithUnrealBuildTool|Win32
		{5F44A010-9394-4C2F-A820-75DEE564C354}.Debug|Win32.ActiveCfg = BuiltWithUnrealBuildTool|Win32
		{5F44A010-9394-4C2F-A820-75DEE564C354}.Debug|Win32.Build.0 = BuiltWithUnrealBuildTool|Win32
		{5F44A010-9394-4C2F-A820-75DEE564C354}.Debug|Win64.ActiveCfg = BuiltWithUnrealBuildTool|Win32
		{5F44A010-9394-4C2F-A820-75DEE564C354}.Debug|Win64.Build.0 = BuiltWithUnrealBuildTool|Win32
		{5F44A010-9394-4C2F-A820-75DEE564C354}.DebugGame Editor|Android.ActiveCfg = BuiltWithUnrealBuildTool|Win32
		{5F44A010-9394-4C2F-A820-75DEE564C354}.DebugGame Editor|Android.Build.0 = BuiltWithUnrealBuildTool|Win32
		{5F44A010-9394-4C2F-A820-75DEE564C354}.DebugGame Editor|Any CPU.ActiveCfg = BuiltWithUnrealBuildTool|Win32
		{5F44A010-9394-4C2F-A820-75DEE564C354}.DebugGame Editor|Any CPU.Build.0 = BuiltWithUnrealBuildTool|Win32
		{5F44A010-9394-4C2F-A820-75DEE564C354}.DebugGame Editor|HTML5.ActiveCfg = BuiltWithUnrealBuildTool|Win32
		{5F44A010-9394-4C2F-A820-75DEE564C354}.DebugGame Editor|HTML5.Build.0 = BuiltWithUnrealBuildTool|Win32
		{5F44A010-9394-4C2F-A820-75DEE564C354}.DebugGame Editor|Win32.ActiveCfg = BuiltWithUnrealBuildTool|Win32
		{5F44A010-9394-4C2F-A820-75DEE564C354}.DebugGame Editor|Win32.Build.0 = BuiltWithUnrealBuildTool|Win32
		{5F44A010-9394-4C2F-A820-75DEE564C354}.DebugGame Editor|Win64.ActiveCfg = BuiltWithUnrealBuildTool|Win32
		{5F44A010-9394-4C2F-A820-75DEE564C354}.DebugGame Editor|Win64.Build.0 = BuiltWithUnrealBuildTool|Win32
		{5F44A010-9394-4C2F-A820-75DEE564C354}.DebugGame|Android.ActiveCfg = BuiltWithUnrealBuildTool|Win32
		{5F44A010-9394-4C2F-A820-75DEE564C354}.DebugGame|Android.Build.0 = BuiltWithUnrealBuildTool|Win32
		{5F44A010-9394-4C2F-A820-75DEE564C354}.DebugGame|Any CPU.ActiveCfg = BuiltWithUnrealBuildTool|Win32
		{5F44A010-9394-4C2F-A820-75DEE564C354}.DebugGame|Any CPU.Build.0 = BuiltWithUnrealBuildTool|Win32
		{5F44A010-9394-4C2F-A820-75DEE564C354}.DebugGame|HTML5.ActiveCfg = BuiltWithUnrealBuildTool|Win32
		{5F44A010-9394-4C2F-A820-75DEE564C354}.DebugGame|HTML5.Build.0 = BuiltWithUnrealBuildTool|Win32
		{5F44A010-9394-4C2F-A820-75DEE564C354}.DebugGame|Win32.ActiveCfg = BuiltWithUnrealBuildTool|Win32
		{5F44A010-9394-4C2F-A820-75DEE564C354}.DebugGame|Win32.Build.0 = BuiltWithUnrealBuildTool|Win32
		{5F44A010-9394-4C2F-A820-75DEE564C354}.DebugGame|Win64.ActiveCfg = BuiltWithUnrealBuildTool|Win32
		{5F44A010-9394-4C2F-A820-75DEE564C354}.DebugGame|Win64.Build.0 = BuiltWithUnrealBuildTool|Win32
		{5F44A010-9394-4C2F-A820-75DEE564C354}.Development Editor|Android.ActiveCfg = BuiltWithUnrealBuildTool|Win32
		{5F44A010-9394-4C2F-A820-75DEE564C354}.Development Editor|Android.Build.0 = BuiltWithUnrealBuildTool|Win32
		{5F44A010-9394-4C2F-A820-75DEE564C354}.Development Editor|Any CPU.ActiveCfg = BuiltWithUnrealBuildTool|Win32
		{5F44A010-9394-4C2F-A820-75DEE564C354}.Development Editor|Any CPU.Build.0 = BuiltWithUnrealBuildTool|Win32
		{5F44A010-9394-4C2F-A820-75DEE564C354}.Development Editor|HTML5.ActiveCfg = BuiltWithUnrealBuildTool|Win32
		{5F44A010-9394-4C2F-A820-75DEE564C354}.Development Editor|HTML5.Build.0 = BuiltWithUnrealBuildTool|Win32
		{5F44A010-9394-4C2F-A820-75DEE564C354}.Development Editor|Win32.ActiveCfg = BuiltWithUnrealBuildTool|Win32
		{5F44A010-9394-4C2F-A820-75DEE564C354}.Development Editor|Win32.Build.0 = BuiltWithUnrealBuildTool|Win32
		{5F44A010-9394-4C2F-A820-75DEE564C354}.Development Editor|Win64.ActiveCfg = BuiltWithUnrealBuildTool|Win32
		{5F44A010-9394-4C2F-A820-75DEE564C354}.Development Editor|Win64.Build.0 = BuiltWithUnrealBuildTool|Win32
		{5F44A010-9394-4C2F-A820-75DEE564C354}.Development|Android.ActiveCfg = BuiltWithUnrealBuildTool|Win32
		{5F44A010-9394-4C2F-A820-75DEE564C354}.Development|Android.Build.0 = BuiltWithUnrealBuildTool|Win32
		{5F44A010-9394-4C2F-A820-75DEE564C354}.Development|Any CPU.ActiveCfg = BuiltWithUnrealBuildTool|Win32
		{5F44A010-9394-4C2F-A820-75DEE564C354}.Development|Any CPU.Build.0 = BuiltWithUnrealBuildTool|Win32
		{5F44A010-9394-4C2F-A820-75DEE564C354}.Development|HTML5.ActiveCfg = BuiltWithUnrealBuildTool|Win32
		{5F44A010-9394-4C2F-A820-75DEE564C354}.Development|HTML5.Build.0 = BuiltWithUnrealBuildTool|Win32
		{5F44A010-9394-4C2F-A820-75DEE564C354}.Development|Win32.ActiveCfg = BuiltWithUnrealBuildTool|Win32
		{5F44A010-9394-4C2F-A820-75DEE564C354}.Development|Win32.Build.0 = BuiltWithUnrealBuildTool|Win32
		{5F44A010-9394-4C2F-A820-75DEE564C354}.Development|Win64.ActiveCfg = BuiltWithUnrealBuildTool|Win32
		{5F44A010-9394-4C2F-A820-75DEE564C354}.Development|Win64.Build.0 = BuiltWithUnrealBuildTool|Win32
		{5F44A010-9394-4C2F-A820-75DEE564C354}.Release|Android.ActiveCfg = BuiltWithUnrealBuildTool|Win32
		{5F44A010-9394-4C2F-A820-75DEE564C354}.Release|Android.Build.0 = BuiltWithUnrealBuildTool|Win32
		{5F44A010-9394-4C2F-A820-75DEE564C354}.Release|Any CPU.ActiveCfg = BuiltWithUnrealBuildTool|Win32
		{5F44A010-9394-4C2F-A820-75DEE564C354}.Release|Any CPU.Build.0 = BuiltWithUnrealBuildTool|Win32
		{5F44A010-9394-4C2F-A820-75DEE564C354}.Release|HTML5.ActiveCfg = BuiltWithUnrealBuildTool|Win32
		{5F44A010-9394-4C2F-A820-75DEE564C354}.Release|HTML5.Build.0 = BuiltWithUnrealBuildTool|Win32
		{5F44A010-9394-4C2F-A820-75DEE564C354}.Release|Win32.ActiveCfg = BuiltWithUnrealBuildTool|Win32
		{5F44A010-9394-4C2F-A820-75DEE564C354}.Release|Win32.Build.0 = BuiltWithUnrealBuildTool|Win32
		{5F44A010-9394-4C2F-A820-75DEE564C354}.Release|Win64.ActiveCfg = BuiltWithUnrealBuildTool|Win32
		{5F44A010-9394-4C2F-A820-75DEE564C354}.Release|Win64.Build.0 = BuiltWithUnrealBuildTool|Win32
		{5F44A010-9394-4C2F-A820-75DEE564C354}.Shipping|Android.ActiveCfg = BuiltWithUnrealBuildTool|Win32
		{5F44A010-9394-4C2F-A820-75DEE564C354}.Shipping|Android.Build.0 = BuiltWithUnrealBuildTool|Win32
		{5F44A010-9394-4C2F-A820-75DEE564C354}.Shipping|Any CPU.ActiveCfg = BuiltWithUnrealBuildTool|Win32
		{5F44A010-9394-4C2F-A820-75DEE564C354}.Shipping|Any CPU.Build.0 = BuiltWithUnrealBuildTool|Win32
		{5F44A010-9394-4C2F-A820-75DEE564C354}.Shipping|HTML5.ActiveCfg = BuiltWithUnrealBuildTool|Win32
		{5F44A010-9394-4C2F-A820-75DEE564C354}.Shipping|HTML5.Build.0 = BuiltWithUnrealBuildTool|Win32
		{5F44A010-9394-4C2F-A820-75DEE564C354}.Shipping|Win32.ActiveCfg = BuiltWithUnrealBuildTool|Win32
		{5F44A010-9394-4C2F-A820-75DEE564C354}.Shipping|Win32.Build.0 = BuiltWithUnrealBuildTool|Win32
		{5F44A010-9394-4C2F-A820-75DEE564C354}.Shipping|Win64.ActiveCfg = BuiltWithUnrealBuildTool|Win32
		{5F44A010-9394-4C2F-A820-75DEE564C354}.Shipping|Win64.Build.0 = BuiltWithUnrealBuildTool|Win32
		{18F59FAB-F6FF-4872-BAEA-86B8E3735FC0}.Debug|Android.ActiveCfg = HTML5_Shipping_Game|Tegra-Android
		{18F59FAB-F6FF-4872-BAEA-86B8E3735FC0}.Debug|Android.Build.0 = HTML5_Shipping_Game|Tegra-Android
		{18F59FAB-F6FF-4872-BAEA-86B8E3735FC0}.Debug|Any CPU.ActiveCfg = HTML5_Shipping_Game|Tegra-Android
		{18F59FAB-F6FF-4872-BAEA-86B8E3735FC0}.Debug|Any CPU.Build.0 = HTML5_Shipping_Game|Tegra-Android
		{18F59FAB-F6FF-4872-BAEA-86B8E3735FC0}.Debug|HTML5.ActiveCfg = HTML5_Shipping_Game|Tegra-Android
		{18F59FAB-F6FF-4872-BAEA-86B8E3735FC0}.Debug|HTML5.Build.0 = HTML5_Shipping_Game|Tegra-Android
		{18F59FAB-F6FF-4872-BAEA-86B8E3735FC0}.Debug|Win32.ActiveCfg = DebugGame_Game|Win32
		{18F59FAB-F6FF-4872-BAEA-86B8E3735FC0}.Debug|Win32.Build.0 = DebugGame_Game|Win32
		{18F59FAB-F6FF-4872-BAEA-86B8E3735FC0}.Debug|Win64.ActiveCfg = HTML5_Shipping_Game|Tegra-Android
		{18F59FAB-F6FF-4872-BAEA-86B8E3735FC0}.Debug|Win64.Build.0 = HTML5_Shipping_Game|Tegra-Android
		{18F59FAB-F6FF-4872-BAEA-86B8E3735FC0}.DebugGame Editor|Android.ActiveCfg = DebugGame_Editor|Tegra-Android
		{18F59FAB-F6FF-4872-BAEA-86B8E3735FC0}.DebugGame Editor|Any CPU.ActiveCfg = HTML5_Shipping_Game|Tegra-Android
		{18F59FAB-F6FF-4872-BAEA-86B8E3735FC0}.DebugGame Editor|Any CPU.Build.0 = HTML5_Shipping_Game|Tegra-Android
		{18F59FAB-F6FF-4872-BAEA-86B8E3735FC0}.DebugGame Editor|HTML5.ActiveCfg = HTML5_DebugGame_Editor|Win32
		{18F59FAB-F6FF-4872-BAEA-86B8E3735FC0}.DebugGame Editor|Win32.ActiveCfg = DebugGame_Editor|Win32
		{18F59FAB-F6FF-4872-BAEA-86B8E3735FC0}.DebugGame Editor|Win64.ActiveCfg = DebugGame_Editor|x64
		{18F59FAB-F6FF-4872-BAEA-86B8E3735FC0}.DebugGame Editor|Win64.Build.0 = DebugGame_Editor|x64
		{18F59FAB-F6FF-4872-BAEA-86B8E3735FC0}.DebugGame|Android.ActiveCfg = DebugGame_Game|Tegra-Android
		{18F59FAB-F6FF-4872-BAEA-86B8E3735FC0}.DebugGame|Android.Build.0 = DebugGame_Game|Tegra-Android
		{18F59FAB-F6FF-4872-BAEA-86B8E3735FC0}.DebugGame|Any CPU.ActiveCfg = HTML5_Shipping_Game|Tegra-Android
		{18F59FAB-F6FF-4872-BAEA-86B8E3735FC0}.DebugGame|Any CPU.Build.0 = HTML5_Shipping_Game|Tegra-Android
		{18F59FAB-F6FF-4872-BAEA-86B8E3735FC0}.DebugGame|HTML5.ActiveCfg = HTML5_DebugGame_Game|Win32
		{18F59FAB-F6FF-4872-BAEA-86B8E3735FC0}.DebugGame|HTML5.Build.0 = HTML5_DebugGame_Game|Win32
		{18F59FAB-F6FF-4872-BAEA-86B8E3735FC0}.DebugGame|Win32.ActiveCfg = DebugGame_Game|Win32
		{18F59FAB-F6FF-4872-BAEA-86B8E3735FC0}.DebugGame|Win32.Build.0 = DebugGame_Game|Win32
		{18F59FAB-F6FF-4872-BAEA-86B8E3735FC0}.DebugGame|Win64.ActiveCfg = DebugGame_Game|x64
		{18F59FAB-F6FF-4872-BAEA-86B8E3735FC0}.DebugGame|Win64.Build.0 = DebugGame_Game|x64
		{18F59FAB-F6FF-4872-BAEA-86B8E3735FC0}.Development Editor|Android.ActiveCfg = Development_Editor|Tegra-Android
		{18F59FAB-F6FF-4872-BAEA-86B8E3735FC0}.Development Editor|Any CPU.ActiveCfg = HTML5_Shipping_Game|Tegra-Android
		{18F59FAB-F6FF-4872-BAEA-86B8E3735FC0}.Development Editor|Any CPU.Build.0 = HTML5_Shipping_Game|Tegra-Android
		{18F59FAB-F6FF-4872-BAEA-86B8E3735FC0}.Development Editor|HTML5.ActiveCfg = HTML5_Development_Editor|Win32
		{18F59FAB-F6FF-4872-BAEA-86B8E3735FC0}.Development Editor|Win32.ActiveCfg = Development_Editor|Win32
		{18F59FAB-F6FF-4872-BAEA-86B8E3735FC0}.Development Editor|Win64.ActiveCfg = Development_Editor|x64
		{18F59FAB-F6FF-4872-BAEA-86B8E3735FC0}.Development Editor|Win64.Build.0 = Development_Editor|x64
		{18F59FAB-F6FF-4872-BAEA-86B8E3735FC0}.Development|Android.ActiveCfg = Development_Game|Tegra-Android
		{18F59FAB-F6FF-4872-BAEA-86B8E3735FC0}.Development|Android.Build.0 = Development_Game|Tegra-Android
		{18F59FAB-F6FF-4872-BAEA-86B8E3735FC0}.Development|Any CPU.ActiveCfg = HTML5_Shipping_Game|Tegra-Android
		{18F59FAB-F6FF-4872-BAEA-86B8E3735FC0}.Development|Any CPU.Build.0 = HTML5_Shipping_Game|Tegra-Android
		{18F59FAB-F6FF-4872-BAEA-86B8E3735FC0}.Development|HTML5.ActiveCfg = HTML5_Development_Game|Win32
		{18F59FAB-F6FF-4872-BAEA-86B8E3735FC0}.Development|HTML5.Build.0 = HTML5_Development_Game|Win32
		{18F59FAB-F6FF-4872-BAEA-86B8E3735FC0}.Development|Win32.ActiveCfg = Development_Game|Win32
		{18F59FAB-F6FF-4872-BAEA-86B8E3735FC0}.Development|Win32.Build.0 = Development_Game|Win32
		{18F59FAB-F6FF-4872-BAEA-86B8E3735FC0}.Development|Win64.ActiveCfg = Development_Game|x64
		{18F59FAB-F6FF-4872-BAEA-86B8E3735FC0}.Development|Win64.Build.0 = Development_Game|x64
		{18F59FAB-F6FF-4872-BAEA-86B8E3735FC0}.Release|Android.ActiveCfg = HTML5_Shipping_Game|Tegra-Android
		{18F59FAB-F6FF-4872-BAEA-86B8E3735FC0}.Release|Android.Build.0 = HTML5_Shipping_Game|Tegra-Android
		{18F59FAB-F6FF-4872-BAEA-86B8E3735FC0}.Release|Any CPU.ActiveCfg = HTML5_Shipping_Game|Tegra-Android
		{18F59FAB-F6FF-4872-BAEA-86B8E3735FC0}.Release|Any CPU.Build.0 = HTML5_Shipping_Game|Tegra-Android
		{18F59FAB-F6FF-4872-BAEA-86B8E3735FC0}.Release|HTML5.ActiveCfg = HTML5_Shipping_Game|Tegra-Android
		{18F59FAB-F6FF-4872-BAEA-86B8E3735FC0}.Release|HTML5.Build.0 = HTML5_Shipping_Game|Tegra-Android
		{18F59FAB-F6FF-4872-BAEA-86B8E3735FC0}.Release|Win32.ActiveCfg = Shipping_Game|Win32
		{18F59FAB-F6FF-4872-BAEA-86B8E3735FC0}.Release|Win32.Build.0 = Shipping_Game|Win32
		{18F59FAB-F6FF-4872-BAEA-86B8E3735FC0}.Release|Win64.ActiveCfg = HTML5_Shipping_Game|Tegra-Android
		{18F59FAB-F6FF-4872-BAEA-86B8E3735FC0}.Release|Win64.Build.0 = HTML5_Shipping_Game|Tegra-Android
		{18F59FAB-F6FF-4872-BAEA-86B8E3735FC0}.Shipping|Android.ActiveCfg = Shipping_Game|Tegra-Android
		{18F59FAB-F6FF-4872-BAEA-86B8E3735FC0}.Shipping|Android.Build.0 = Shipping_Game|Tegra-Android
		{18F59FAB-F6FF-4872-BAEA-86B8E3735FC0}.Shipping|Any CPU.ActiveCfg = HTML5_Shipping_Game|Tegra-Android
		{18F59FAB-F6FF-4872-BAEA-86B8E3735FC0}.Shipping|Any CPU.Build.0 = HTML5_Shipping_Game|Tegra-Android
		{18F59FAB-F6FF-4872-BAEA-86B8E3735FC0}.Shipping|HTML5.ActiveCfg = HTML5_Shipping_Game|Win32
		{18F59FAB-F6FF-4872-BAEA-86B8E3735FC0}.Shipping|HTML5.Build.0 = HTML5_Shipping_Game|Win32
		{18F59FAB-F6FF-4872-BAEA-86B8E3735FC0}.Shipping|Win32.ActiveCfg = Shipping_Game|Win32
		{18F59FAB-F6FF-4872-BAEA-86B8E3735FC0}.Shipping|Win32.Build.0 = Shipping_Game|Win32
		{18F59FAB-F6FF-4872-BAEA-86B8E3735FC0}.Shipping|Win64.ActiveCfg = Shipping_Game|x64
		{18F59FAB-F6FF-4872-BAEA-86B8E3735FC0}.Shipping|Win64.Build.0 = Shipping_Game|x64
		{26D82AB3-3E10-4195-BBBD-EDB40C0D5370}.Debug|Android.ActiveCfg = Debug|Any CPU
		{26D82AB3-3E10-4195-BBBD-EDB40C0D5370}.Debug|Android.Build.0 = Debug|Any CPU
		{26D82AB3-3E10-4195-BBBD-EDB40C0D5370}.Debug|Any CPU.ActiveCfg = Debug|Any CPU
		{26D82AB3-3E10-4195-BBBD-EDB40C0D5370}.Debug|Any CPU.Build.0 = Debug|Any CPU
		{26D82AB3-3E10-4195-BBBD-EDB40C0D5370}.Debug|HTML5.ActiveCfg = Debug|Any CPU
		{26D82AB3-3E10-4195-BBBD-EDB40C0D5370}.Debug|HTML5.Build.0 = Debug|Any CPU
		{26D82AB3-3E10-4195-BBBD-EDB40C0D5370}.Debug|Win32.ActiveCfg = Debug|Any CPU
		{26D82AB3-3E10-4195-BBBD-EDB40C0D5370}.Debug|Win32.Build.0 = Debug|Any CPU
		{26D82AB3-3E10-4195-BBBD-EDB40C0D5370}.Debug|Win64.ActiveCfg = Debug|Any CPU
		{26D82AB3-3E10-4195-BBBD-EDB40C0D5370}.Debug|Win64.Build.0 = Debug|Any CPU
		{26D82AB3-3E10-4195-BBBD-EDB40C0D5370}.DebugGame Editor|Android.ActiveCfg = Debug|Any CPU
		{26D82AB3-3E10-4195-BBBD-EDB40C0D5370}.DebugGame Editor|Android.Build.0 = Debug|Any CPU
		{26D82AB3-3E10-4195-BBBD-EDB40C0D5370}.DebugGame Editor|Any CPU.ActiveCfg = Debug|Any CPU
		{26D82AB3-3E10-4195-BBBD-EDB40C0D5370}.DebugGame Editor|Any CPU.Build.0 = Debug|Any CPU
		{26D82AB3-3E10-4195-BBBD-EDB40C0D5370}.DebugGame Editor|HTML5.ActiveCfg = Debug|Any CPU
		{26D82AB3-3E10-4195-BBBD-EDB40C0D5370}.DebugGame Editor|HTML5.Build.0 = Debug|Any CPU
		{26D82AB3-3E10-4195-BBBD-EDB40C0D5370}.DebugGame Editor|Win32.ActiveCfg = Debug|Any CPU
		{26D82AB3-3E10-4195-BBBD-EDB40C0D5370}.DebugGame Editor|Win32.Build.0 = Debug|Any CPU
		{26D82AB3-3E10-4195-BBBD-EDB40C0D5370}.DebugGame Editor|Win64.ActiveCfg = Debug|Any CPU
		{26D82AB3-3E10-4195-BBBD-EDB40C0D5370}.DebugGame Editor|Win64.Build.0 = Debug|Any CPU
		{26D82AB3-3E10-4195-BBBD-EDB40C0D5370}.DebugGame|Android.ActiveCfg = Debug|Any CPU
		{26D82AB3-3E10-4195-BBBD-EDB40C0D5370}.DebugGame|Android.Build.0 = Debug|Any CPU
		{26D82AB3-3E10-4195-BBBD-EDB40C0D5370}.DebugGame|Any CPU.ActiveCfg = Debug|Any CPU
		{26D82AB3-3E10-4195-BBBD-EDB40C0D5370}.DebugGame|Any CPU.Build.0 = Debug|Any CPU
		{26D82AB3-3E10-4195-BBBD-EDB40C0D5370}.DebugGame|HTML5.ActiveCfg = Debug|Any CPU
		{26D82AB3-3E10-4195-BBBD-EDB40C0D5370}.DebugGame|HTML5.Build.0 = Debug|Any CPU
		{26D82AB3-3E10-4195-BBBD-EDB40C0D5370}.DebugGame|Win32.ActiveCfg = Debug|Any CPU
		{26D82AB3-3E10-4195-BBBD-EDB40C0D5370}.DebugGame|Win32.Build.0 = Debug|Any CPU
		{26D82AB3-3E10-4195-BBBD-EDB40C0D5370}.DebugGame|Win64.ActiveCfg = Debug|Any CPU
		{26D82AB3-3E10-4195-BBBD-EDB40C0D5370}.DebugGame|Win64.Build.0 = Debug|Any CPU
		{26D82AB3-3E10-4195-BBBD-EDB40C0D5370}.Development Editor|Android.ActiveCfg = Debug|Any CPU
		{26D82AB3-3E10-4195-BBBD-EDB40C0D5370}.Development Editor|Android.Build.0 = Debug|Any CPU
		{26D82AB3-3E10-4195-BBBD-EDB40C0D5370}.Development Editor|Any CPU.ActiveCfg = Debug|Any CPU
		{26D82AB3-3E10-4195-BBBD-EDB40C0D5370}.Development Editor|Any CPU.Build.0 = Debug|Any CPU
		{26D82AB3-3E10-4195-BBBD-EDB40C0D5370}.Development Editor|HTML5.ActiveCfg = Debug|Any CPU
		{26D82AB3-3E10-4195-BBBD-EDB40C0D5370}.Development Editor|HTML5.Build.0 = Debug|Any CPU
		{26D82AB3-3E10-4195-BBBD-EDB40C0D5370}.Development Editor|Win32.ActiveCfg = Debug|Any CPU
		{26D82AB3-3E10-4195-BBBD-EDB40C0D5370}.Development Editor|Win32.Build.0 = Debug|Any CPU
		{26D82AB3-3E10-4195-BBBD-EDB40C0D5370}.Development Editor|Win64.ActiveCfg = Debug|Any CPU
		{26D82AB3-3E10-4195-BBBD-EDB40C0D5370}.Development Editor|Win64.Build.0 = Debug|Any CPU
		{26D82AB3-3E10-4195-BBBD-EDB40C0D5370}.Development|Android.ActiveCfg = Debug|Any CPU
		{26D82AB3-3E10-4195-BBBD-EDB40C0D5370}.Development|Android.Build.0 = Debug|Any CPU
		{26D82AB3-3E10-4195-BBBD-EDB40C0D5370}.Development|Any CPU.ActiveCfg = Debug|Any CPU
		{26D82AB3-3E10-4195-BBBD-EDB40C0D5370}.Development|Any CPU.Build.0 = Debug|Any CPU
		{26D82AB3-3E10-4195-BBBD-EDB40C0D5370}.Development|HTML5.ActiveCfg = Debug|Any CPU
		{26D82AB3-3E10-4195-BBBD-EDB40C0D5370}.Development|HTML5.Build.0 = Debug|Any CPU
		{26D82AB3-3E10-4195-BBBD-EDB40C0D5370}.Development|Win32.ActiveCfg = Debug|Any CPU
		{26D82AB3-3E10-4195-BBBD-EDB40C0D5370}.Development|Win32.Build.0 = Debug|Any CPU
		{26D82AB3-3E10-4195-BBBD-EDB40C0D5370}.Development|Win64.ActiveCfg = Debug|Any CPU
		{26D82AB3-3E10-4195-BBBD-EDB40C0D5370}.Development|Win64.Build.0 = Debug|Any CPU
		{26D82AB3-3E10-4195-BBBD-EDB40C0D5370}.Release|Android.ActiveCfg = Release|Any CPU
		{26D82AB3-3E10-4195-BBBD-EDB40C0D5370}.Release|Android.Build.0 = Release|Any CPU
		{26D82AB3-3E10-4195-BBBD-EDB40C0D5370}.Release|Any CPU.ActiveCfg = Release|Any CPU
		{26D82AB3-3E10-4195-BBBD-EDB40C0D5370}.Release|Any CPU.Build.0 = Release|Any CPU
		{26D82AB3-3E10-4195-BBBD-EDB40C0D5370}.Release|HTML5.ActiveCfg = Release|Any CPU
		{26D82AB3-3E10-4195-BBBD-EDB40C0D5370}.Release|HTML5.Build.0 = Release|Any CPU
		{26D82AB3-3E10-4195-BBBD-EDB40C0D5370}.Release|Win32.ActiveCfg = Release|Any CPU
		{26D82AB3-3E10-4195-BBBD-EDB40C0D5370}.Release|Win32.Build.0 = Release|Any CPU
		{26D82AB3-3E10-4195-BBBD-EDB40C0D5370}.Release|Win64.ActiveCfg = Release|Any CPU
		{26D82AB3-3E10-4195-BBBD-EDB40C0D5370}.Release|Win64.Build.0 = Release|Any CPU
		{26D82AB3-3E10-4195-BBBD-EDB40C0D5370}.Shipping|Android.ActiveCfg = Release|Any CPU
		{26D82AB3-3E10-4195-BBBD-EDB40C0D5370}.Shipping|Android.Build.0 = Release|Any CPU
		{26D82AB3-3E10-4195-BBBD-EDB40C0D5370}.Shipping|Any CPU.ActiveCfg = Release|Any CPU
		{26D82AB3-3E10-4195-BBBD-EDB40C0D5370}.Shipping|Any CPU.Build.0 = Release|Any CPU
		{26D82AB3-3E10-4195-BBBD-EDB40C0D5370}.Shipping|HTML5.ActiveCfg = Release|Any CPU
		{26D82AB3-3E10-4195-BBBD-EDB40C0D5370}.Shipping|HTML5.Build.0 = Release|Any CPU
		{26D82AB3-3E10-4195-BBBD-EDB40C0D5370}.Shipping|Win32.ActiveCfg = Release|Any CPU
		{26D82AB3-3E10-4195-BBBD-EDB40C0D5370}.Shipping|Win32.Build.0 = Release|Any CPU
		{26D82AB3-3E10-4195-BBBD-EDB40C0D5370}.Shipping|Win64.ActiveCfg = Release|Any CPU
		{26D82AB3-3E10-4195-BBBD-EDB40C0D5370}.Shipping|Win64.Build.0 = Release|Any CPU
	EndGlobalSection
	GlobalSection(SolutionProperties) = preSolution
		HideSolutionNode = FALSE
	EndGlobalSection
	GlobalSection(NestedProjects) = preSolution
		{5F44A010-9394-4C2F-A820-75DEE564C354} = {D9A3F423-7767-44AA-A9DB-AD05ADB1E56C}
		{18F59FAB-F6FF-4872-BAEA-86B8E3735FC0} = {AA782ADE-BD7B-435C-BA69-A112017932E5}
		{26D82AB3-3E10-4195-BBBD-EDB40C0D5370} = {AA782ADE-BD7B-435C-BA69-A112017932E5}
	EndGlobalSection
EndGlobal
